
Microsoft Visual Studio Solution File, Format Version 12.00
# Visual Studio 15
VisualStudioVersion = 15.0.28307.1525
MinimumVisualStudioVersion = 10.0.40219.1
Project("{FAE04EC0-301F-11D3-BF4B-00C04F79EFBC}") = "Prontovid", "Prontovid\Prontovid.csproj", "{00A27FC8-7101-483D-97CF-759F0A3AE6D4}"
EndProject
Project("{FAE04EC0-301F-11D3-BF4B-00C04F79EFBC}") = "Prontovid.Biblioteca", "Prontovid.Biblioteca\Prontovid.Biblioteca.csproj", "{32A2228C-5871-46CA-BF46-6C1A6E76B9A9}"
EndProject
Global
	GlobalSection(SolutionConfigurationPlatforms) = preSolution
		Debug|Any CPU = Debug|Any CPU
		Release|Any CPU = Release|Any CPU
	EndGlobalSection
	GlobalSection(ProjectConfigurationPlatforms) = postSolution
		{00A27FC8-7101-483D-97CF-759F0A3AE6D4}.Debug|Any CPU.ActiveCfg = Debug|Any CPU
		{00A27FC8-7101-483D-97CF-759F0A3AE6D4}.Debug|Any CPU.Build.0 = Debug|Any CPU
		{00A27FC8-7101-483D-97CF-759F0A3AE6D4}.Release|Any CPU.ActiveCfg = Release|Any CPU
		{00A27FC8-7101-483D-97CF-759F0A3AE6D4}.Release|Any CPU.Build.0 = Release|Any CPU
		{32A2228C-5871-46CA-BF46-6C1A6E76B9A9}.Debug|Any CPU.ActiveCfg = Debug|Any CPU
		{32A2228C-5871-46CA-BF46-6C1A6E76B9A9}.Debug|Any CPU.Build.0 = Debug|Any CPU
		{32A2228C-5871-46CA-BF46-6C1A6E76B9A9}.Release|Any CPU.ActiveCfg = Release|Any CPU
		{32A2228C-5871-46CA-BF46-6C1A6E76B9A9}.Release|Any CPU.Build.0 = Release|Any CPU
	EndGlobalSection
	GlobalSection(SolutionProperties) = preSolution
		HideSolutionNode = FALSE
	EndGlobalSection
	GlobalSection(ExtensibilityGlobals) = postSolution
		SolutionGuid = {7900DEBA-2D82-45AD-B21B-F87790BBF66D}
	EndGlobalSection
EndGlobal
